
Microsoft Visual Studio Solution File, Format Version 12.00
# Visual Studio 15
VisualStudioVersion = 15.0.26124.0
MinimumVisualStudioVersion = 15.0.26124.0
Project("{FAE04EC0-301F-11D3-BF4B-00C04F79EFBC}") = "User.Api", "User.Api\User.Api.csproj", "{DBD22CED-17EE-4AEE-B51D-6DD562AFAAD4}"
EndProject
Project("{FAE04EC0-301F-11D3-BF4B-00C04F79EFBC}") = "User.Api.UnitTest", "User.Api.UnitTest\User.Api.UnitTest.csproj", "{1EA4015A-9FC3-4FFB-A6DD-474350FDFEA7}"
EndProject
Project("{FAE04EC0-301F-11D3-BF4B-00C04F79EFBC}") = "User.Identity", "User.Identity\User.Identity.csproj", "{3D4E46F0-8F95-4B21-BB66-1F24900C1695}"
EndProject
Project("{FAE04EC0-301F-11D3-BF4B-00C04F79EFBC}") = "Getway.API", "Getway.API\Getway.API.csproj", "{F15787DD-ECA2-49EC-8464-79FC792E39EF}"
EndProject
Project("{FAE04EC0-301F-11D3-BF4B-00C04F79EFBC}") = "Resilience", "Resilience\Resilience.csproj", "{0C608DBF-BB8A-46A1-A11C-266EC6D2A37F}"
EndProject
Project("{FAE04EC0-301F-11D3-BF4B-00C04F79EFBC}") = "Contact.API", "Contact.API\Contact.API.csproj", "{F881E3E4-0A74-44E9-8963-AE271C79D293}"
EndProject
Project("{2150E333-8FDC-42A3-9474-1A3956D46DE8}") = "Project", "Project", "{97F0357B-679E-4685-A78C-E202882558D2}"
EndProject
Project("{FAE04EC0-301F-11D3-BF4B-00C04F79EFBC}") = "Project.API", "Project\Project.API\Project.API.csproj", "{C00CB62E-2A69-493C-8047-6E7ADDFF6090}"
EndProject
Project("{FAE04EC0-301F-11D3-BF4B-00C04F79EFBC}") = "Project.Domain", "Project\Project.Domain\Project.Domain.csproj", "{C062CB72-98E2-442C-8550-9FB816711344}"
EndProject
Project("{FAE04EC0-301F-11D3-BF4B-00C04F79EFBC}") = "Project.Infrastructure", "Project\Project.Infrastructure\Project.Infrastructure.csproj", "{E6E5D29B-A78D-4AD5-9FF9-70F3CE2E430B}"
EndProject
Project("{FAE04EC0-301F-11D3-BF4B-00C04F79EFBC}") = "Recommend.API", "Recommend.API\Recommend.API.csproj", "{40B87311-0E1E-415E-9AC1-E86ADDB274C6}"
EndProject
Global
	GlobalSection(SolutionConfigurationPlatforms) = preSolution
		Debug|Any CPU = Debug|Any CPU
		Debug|x64 = Debug|x64
		Debug|x86 = Debug|x86
		Release|Any CPU = Release|Any CPU
		Release|x64 = Release|x64
		Release|x86 = Release|x86
	EndGlobalSection
	GlobalSection(SolutionProperties) = preSolution
		HideSolutionNode = FALSE
	EndGlobalSection
	GlobalSection(ProjectConfigurationPlatforms) = postSolution
		{DBD22CED-17EE-4AEE-B51D-6DD562AFAAD4}.Debug|Any CPU.ActiveCfg = Debug|Any CPU
		{DBD22CED-17EE-4AEE-B51D-6DD562AFAAD4}.Debug|Any CPU.Build.0 = Debug|Any CPU
		{DBD22CED-17EE-4AEE-B51D-6DD562AFAAD4}.Debug|x64.ActiveCfg = Debug|Any CPU
		{DBD22CED-17EE-4AEE-B51D-6DD562AFAAD4}.Debug|x64.Build.0 = Debug|Any CPU
		{DBD22CED-17EE-4AEE-B51D-6DD562AFAAD4}.Debug|x86.ActiveCfg = Debug|Any CPU
		{DBD22CED-17EE-4AEE-B51D-6DD562AFAAD4}.Debug|x86.Build.0 = Debug|Any CPU
		{DBD22CED-17EE-4AEE-B51D-6DD562AFAAD4}.Release|Any CPU.ActiveCfg = Release|Any CPU
		{DBD22CED-17EE-4AEE-B51D-6DD562AFAAD4}.Release|Any CPU.Build.0 = Release|Any CPU
		{DBD22CED-17EE-4AEE-B51D-6DD562AFAAD4}.Release|x64.ActiveCfg = Release|Any CPU
		{DBD22CED-17EE-4AEE-B51D-6DD562AFAAD4}.Release|x64.Build.0 = Release|Any CPU
		{DBD22CED-17EE-4AEE-B51D-6DD562AFAAD4}.Release|x86.ActiveCfg = Release|Any CPU
		{DBD22CED-17EE-4AEE-B51D-6DD562AFAAD4}.Release|x86.Build.0 = Release|Any CPU
		{1EA4015A-9FC3-4FFB-A6DD-474350FDFEA7}.Debug|Any CPU.ActiveCfg = Debug|Any CPU
		{1EA4015A-9FC3-4FFB-A6DD-474350FDFEA7}.Debug|Any CPU.Build.0 = Debug|Any CPU
		{1EA4015A-9FC3-4FFB-A6DD-474350FDFEA7}.Debug|x64.ActiveCfg = Debug|Any CPU
		{1EA4015A-9FC3-4FFB-A6DD-474350FDFEA7}.Debug|x64.Build.0 = Debug|Any CPU
		{1EA4015A-9FC3-4FFB-A6DD-474350FDFEA7}.Debug|x86.ActiveCfg = Debug|Any CPU
		{1EA4015A-9FC3-4FFB-A6DD-474350FDFEA7}.Debug|x86.Build.0 = Debug|Any CPU
		{1EA4015A-9FC3-4FFB-A6DD-474350FDFEA7}.Release|Any CPU.ActiveCfg = Release|Any CPU
		{1EA4015A-9FC3-4FFB-A6DD-474350FDFEA7}.Release|Any CPU.Build.0 = Release|Any CPU
		{1EA4015A-9FC3-4FFB-A6DD-474350FDFEA7}.Release|x64.ActiveCfg = Release|Any CPU
		{1EA4015A-9FC3-4FFB-A6DD-474350FDFEA7}.Release|x64.Build.0 = Release|Any CPU
		{1EA4015A-9FC3-4FFB-A6DD-474350FDFEA7}.Release|x86.ActiveCfg = Release|Any CPU
		{1EA4015A-9FC3-4FFB-A6DD-474350FDFEA7}.Release|x86.Build.0 = Release|Any CPU
		{3D4E46F0-8F95-4B21-BB66-1F24900C1695}.Debug|Any CPU.ActiveCfg = Debug|Any CPU
		{3D4E46F0-8F95-4B21-BB66-1F24900C1695}.Debug|Any CPU.Build.0 = Debug|Any CPU
		{3D4E46F0-8F95-4B21-BB66-1F24900C1695}.Debug|x64.ActiveCfg = Debug|Any CPU
		{3D4E46F0-8F95-4B21-BB66-1F24900C1695}.Debug|x64.Build.0 = Debug|Any CPU
		{3D4E46F0-8F95-4B21-BB66-1F24900C1695}.Debug|x86.ActiveCfg = Debug|Any CPU
		{3D4E46F0-8F95-4B21-BB66-1F24900C1695}.Debug|x86.Build.0 = Debug|Any CPU
		{3D4E46F0-8F95-4B21-BB66-1F24900C1695}.Release|Any CPU.ActiveCfg = Release|Any CPU
		{3D4E46F0-8F95-4B21-BB66-1F24900C1695}.Release|Any CPU.Build.0 = Release|Any CPU
		{3D4E46F0-8F95-4B21-BB66-1F24900C1695}.Release|x64.ActiveCfg = Release|Any CPU
		{3D4E46F0-8F95-4B21-BB66-1F24900C1695}.Release|x64.Build.0 = Release|Any CPU
		{3D4E46F0-8F95-4B21-BB66-1F24900C1695}.Release|x86.ActiveCfg = Release|Any CPU
		{3D4E46F0-8F95-4B21-BB66-1F24900C1695}.Release|x86.Build.0 = Release|Any CPU
		{F15787DD-ECA2-49EC-8464-79FC792E39EF}.Debug|Any CPU.ActiveCfg = Debug|Any CPU
		{F15787DD-ECA2-49EC-8464-79FC792E39EF}.Debug|Any CPU.Build.0 = Debug|Any CPU
		{F15787DD-ECA2-49EC-8464-79FC792E39EF}.Debug|x64.ActiveCfg = Debug|Any CPU
		{F15787DD-ECA2-49EC-8464-79FC792E39EF}.Debug|x64.Build.0 = Debug|Any CPU
		{F15787DD-ECA2-49EC-8464-79FC792E39EF}.Debug|x86.ActiveCfg = Debug|Any CPU
		{F15787DD-ECA2-49EC-8464-79FC792E39EF}.Debug|x86.Build.0 = Debug|Any CPU
		{F15787DD-ECA2-49EC-8464-79FC792E39EF}.Release|Any CPU.ActiveCfg = Release|Any CPU
		{F15787DD-ECA2-49EC-8464-79FC792E39EF}.Release|Any CPU.Build.0 = Release|Any CPU
		{F15787DD-ECA2-49EC-8464-79FC792E39EF}.Release|x64.ActiveCfg = Release|Any CPU
		{F15787DD-ECA2-49EC-8464-79FC792E39EF}.Release|x64.Build.0 = Release|Any CPU
		{F15787DD-ECA2-49EC-8464-79FC792E39EF}.Release|x86.ActiveCfg = Release|Any CPU
		{F15787DD-ECA2-49EC-8464-79FC792E39EF}.Release|x86.Build.0 = Release|Any CPU
		{0C608DBF-BB8A-46A1-A11C-266EC6D2A37F}.Debug|Any CPU.ActiveCfg = Debug|Any CPU
		{0C608DBF-BB8A-46A1-A11C-266EC6D2A37F}.Debug|Any CPU.Build.0 = Debug|Any CPU
		{0C608DBF-BB8A-46A1-A11C-266EC6D2A37F}.Debug|x64.ActiveCfg = Debug|Any CPU
		{0C608DBF-BB8A-46A1-A11C-266EC6D2A37F}.Debug|x64.Build.0 = Debug|Any CPU
		{0C608DBF-BB8A-46A1-A11C-266EC6D2A37F}.Debug|x86.ActiveCfg = Debug|Any CPU
		{0C608DBF-BB8A-46A1-A11C-266EC6D2A37F}.Debug|x86.Build.0 = Debug|Any CPU
		{0C608DBF-BB8A-46A1-A11C-266EC6D2A37F}.Release|Any CPU.ActiveCfg = Release|Any CPU
		{0C608DBF-BB8A-46A1-A11C-266EC6D2A37F}.Release|Any CPU.Build.0 = Release|Any CPU
		{0C608DBF-BB8A-46A1-A11C-266EC6D2A37F}.Release|x64.ActiveCfg = Release|Any CPU
		{0C608DBF-BB8A-46A1-A11C-266EC6D2A37F}.Release|x64.Build.0 = Release|Any CPU
		{0C608DBF-BB8A-46A1-A11C-266EC6D2A37F}.Release|x86.ActiveCfg = Release|Any CPU
		{0C608DBF-BB8A-46A1-A11C-266EC6D2A37F}.Release|x86.Build.0 = Release|Any CPU
		{F881E3E4-0A74-44E9-8963-AE271C79D293}.Debug|Any CPU.ActiveCfg = Debug|Any CPU
		{F881E3E4-0A74-44E9-8963-AE271C79D293}.Debug|Any CPU.Build.0 = Debug|Any CPU
		{F881E3E4-0A74-44E9-8963-AE271C79D293}.Debug|x64.ActiveCfg = Debug|Any CPU
		{F881E3E4-0A74-44E9-8963-AE271C79D293}.Debug|x64.Build.0 = Debug|Any CPU
		{F881E3E4-0A74-44E9-8963-AE271C79D293}.Debug|x86.ActiveCfg = Debug|Any CPU
		{F881E3E4-0A74-44E9-8963-AE271C79D293}.Debug|x86.Build.0 = Debug|Any CPU
		{F881E3E4-0A74-44E9-8963-AE271C79D293}.Release|Any CPU.ActiveCfg = Release|Any CPU
		{F881E3E4-0A74-44E9-8963-AE271C79D293}.Release|Any CPU.Build.0 = Release|Any CPU
		{F881E3E4-0A74-44E9-8963-AE271C79D293}.Release|x64.ActiveCfg = Release|Any CPU
		{F881E3E4-0A74-44E9-8963-AE271C79D293}.Release|x64.Build.0 = Release|Any CPU
		{F881E3E4-0A74-44E9-8963-AE271C79D293}.Release|x86.ActiveCfg = Release|Any CPU
		{F881E3E4-0A74-44E9-8963-AE271C79D293}.Release|x86.Build.0 = Release|Any CPU
		{C00CB62E-2A69-493C-8047-6E7ADDFF6090}.Debug|Any CPU.ActiveCfg = Debug|Any CPU
		{C00CB62E-2A69-493C-8047-6E7ADDFF6090}.Debug|Any CPU.Build.0 = Debug|Any CPU
		{C00CB62E-2A69-493C-8047-6E7ADDFF6090}.Debug|x64.ActiveCfg = Debug|Any CPU
		{C00CB62E-2A69-493C-8047-6E7ADDFF6090}.Debug|x64.Build.0 = Debug|Any CPU
		{C00CB62E-2A69-493C-8047-6E7ADDFF6090}.Debug|x86.ActiveCfg = Debug|Any CPU
		{C00CB62E-2A69-493C-8047-6E7ADDFF6090}.Debug|x86.Build.0 = Debug|Any CPU
		{C00CB62E-2A69-493C-8047-6E7ADDFF6090}.Release|Any CPU.ActiveCfg = Release|Any CPU
		{C00CB62E-2A69-493C-8047-6E7ADDFF6090}.Release|Any CPU.Build.0 = Release|Any CPU
		{C00CB62E-2A69-493C-8047-6E7ADDFF6090}.Release|x64.ActiveCfg = Release|Any CPU
		{C00CB62E-2A69-493C-8047-6E7ADDFF6090}.Release|x64.Build.0 = Release|Any CPU
		{C00CB62E-2A69-493C-8047-6E7ADDFF6090}.Release|x86.ActiveCfg = Release|Any CPU
		{C00CB62E-2A69-493C-8047-6E7ADDFF6090}.Release|x86.Build.0 = Release|Any CPU
		{C062CB72-98E2-442C-8550-9FB816711344}.Debug|Any CPU.ActiveCfg = Debug|Any CPU
		{C062CB72-98E2-442C-8550-9FB816711344}.Debug|Any CPU.Build.0 = Debug|Any CPU
		{C062CB72-98E2-442C-8550-9FB816711344}.Debug|x64.ActiveCfg = Debug|Any CPU
		{C062CB72-98E2-442C-8550-9FB816711344}.Debug|x64.Build.0 = Debug|Any CPU
		{C062CB72-98E2-442C-8550-9FB816711344}.Debug|x86.ActiveCfg = Debug|Any CPU
		{C062CB72-98E2-442C-8550-9FB816711344}.Debug|x86.Build.0 = Debug|Any CPU
		{C062CB72-98E2-442C-8550-9FB816711344}.Release|Any CPU.ActiveCfg = Release|Any CPU
		{C062CB72-98E2-442C-8550-9FB816711344}.Release|Any CPU.Build.0 = Release|Any CPU
		{C062CB72-98E2-442C-8550-9FB816711344}.Release|x64.ActiveCfg = Release|Any CPU
		{C062CB72-98E2-442C-8550-9FB816711344}.Release|x64.Build.0 = Release|Any CPU
		{C062CB72-98E2-442C-8550-9FB816711344}.Release|x86.ActiveCfg = Release|Any CPU
		{C062CB72-98E2-442C-8550-9FB816711344}.Release|x86.Build.0 = Release|Any CPU
		{E6E5D29B-A78D-4AD5-9FF9-70F3CE2E430B}.Debug|Any CPU.ActiveCfg = Debug|Any CPU
		{E6E5D29B-A78D-4AD5-9FF9-70F3CE2E430B}.Debug|Any CPU.Build.0 = Debug|Any CPU
		{E6E5D29B-A78D-4AD5-9FF9-70F3CE2E430B}.Debug|x64.ActiveCfg = Debug|Any CPU
		{E6E5D29B-A78D-4AD5-9FF9-70F3CE2E430B}.Debug|x64.Build.0 = Debug|Any CPU
		{E6E5D29B-A78D-4AD5-9FF9-70F3CE2E430B}.Debug|x86.ActiveCfg = Debug|Any CPU
		{E6E5D29B-A78D-4AD5-9FF9-70F3CE2E430B}.Debug|x86.Build.0 = Debug|Any CPU
		{E6E5D29B-A78D-4AD5-9FF9-70F3CE2E430B}.Release|Any CPU.ActiveCfg = Release|Any CPU
		{E6E5D29B-A78D-4AD5-9FF9-70F3CE2E430B}.Release|Any CPU.Build.0 = Release|Any CPU
		{E6E5D29B-A78D-4AD5-9FF9-70F3CE2E430B}.Release|x64.ActiveCfg = Release|Any CPU
		{E6E5D29B-A78D-4AD5-9FF9-70F3CE2E430B}.Release|x64.Build.0 = Release|Any CPU
		{E6E5D29B-A78D-4AD5-9FF9-70F3CE2E430B}.Release|x86.ActiveCfg = Release|Any CPU
		{E6E5D29B-A78D-4AD5-9FF9-70F3CE2E430B}.Release|x86.Build.0 = Release|Any CPU
		{40B87311-0E1E-415E-9AC1-E86ADDB274C6}.Debug|Any CPU.ActiveCfg = Debug|Any CPU
		{40B87311-0E1E-415E-9AC1-E86ADDB274C6}.Debug|Any CPU.Build.0 = Debug|Any CPU
		{40B87311-0E1E-415E-9AC1-E86ADDB274C6}.Debug|x64.ActiveCfg = Debug|Any CPU
		{40B87311-0E1E-415E-9AC1-E86ADDB274C6}.Debug|x64.Build.0 = Debug|Any CPU
		{40B87311-0E1E-415E-9AC1-E86ADDB274C6}.Debug|x86.ActiveCfg = Debug|Any CPU
		{40B87311-0E1E-415E-9AC1-E86ADDB274C6}.Debug|x86.Build.0 = Debug|Any CPU
		{40B87311-0E1E-415E-9AC1-E86ADDB274C6}.Release|Any CPU.ActiveCfg = Release|Any CPU
		{40B87311-0E1E-415E-9AC1-E86ADDB274C6}.Release|Any CPU.Build.0 = Release|Any CPU
		{40B87311-0E1E-415E-9AC1-E86ADDB274C6}.Release|x64.ActiveCfg = Release|Any CPU
		{40B87311-0E1E-415E-9AC1-E86ADDB274C6}.Release|x64.Build.0 = Release|Any CPU
		{40B87311-0E1E-415E-9AC1-E86ADDB274C6}.Release|x86.ActiveCfg = Release|Any CPU
		{40B87311-0E1E-415E-9AC1-E86ADDB274C6}.Release|x86.Build.0 = Release|Any CPU
	EndGlobalSection
	GlobalSection(NestedProjects) = preSolution
		{C00CB62E-2A69-493C-8047-6E7ADDFF6090} = {97F0357B-679E-4685-A78C-E202882558D2}
		{C062CB72-98E2-442C-8550-9FB816711344} = {97F0357B-679E-4685-A78C-E202882558D2}
		{E6E5D29B-A78D-4AD5-9FF9-70F3CE2E430B} = {97F0357B-679E-4685-A78C-E202882558D2}
	EndGlobalSection
EndGlobal
