
Microsoft Visual Studio Solution File, Format Version 12.00
# Visual Studio 15
VisualStudioVersion = 15.0.26124.0
MinimumVisualStudioVersion = 15.0.26124.0
Project("{2150E333-8FDC-42A3-9474-1A3956D46DE8}") = "User.API", "User.API", "{3D78F662-2FFF-4076-8526-A334D4B5F222}"
EndProject
Project("{FAE04EC0-301F-11D3-BF4B-00C04F79EFBC}") = "User.API", "User.API\User.API.csproj", "{778EEE7E-869A-4D59-8B5E-B9D722AD41EA}"
EndProject
Project("{FAE04EC0-301F-11D3-BF4B-00C04F79EFBC}") = "User.API.UnitTest", "User.API.UnitTest\User.API.UnitTest.csproj", "{6627279A-78A3-46D4-815C-A73831B4AA55}"
EndProject
Global
	GlobalSection(SolutionConfigurationPlatforms) = preSolution
		Debug|Any CPU = Debug|Any CPU
		Debug|x64 = Debug|x64
		Debug|x86 = Debug|x86
		Release|Any CPU = Release|Any CPU
		Release|x64 = Release|x64
		Release|x86 = Release|x86
	EndGlobalSection
	GlobalSection(SolutionProperties) = preSolution
		HideSolutionNode = FALSE
	EndGlobalSection
	GlobalSection(ProjectConfigurationPlatforms) = postSolution
		{778EEE7E-869A-4D59-8B5E-B9D722AD41EA}.Debug|Any CPU.ActiveCfg = Debug|Any CPU
		{778EEE7E-869A-4D59-8B5E-B9D722AD41EA}.Debug|Any CPU.Build.0 = Debug|Any CPU
		{778EEE7E-869A-4D59-8B5E-B9D722AD41EA}.Debug|x64.ActiveCfg = Debug|Any CPU
		{778EEE7E-869A-4D59-8B5E-B9D722AD41EA}.Debug|x64.Build.0 = Debug|Any CPU
		{778EEE7E-869A-4D59-8B5E-B9D722AD41EA}.Debug|x86.ActiveCfg = Debug|Any CPU
		{778EEE7E-869A-4D59-8B5E-B9D722AD41EA}.Debug|x86.Build.0 = Debug|Any CPU
		{778EEE7E-869A-4D59-8B5E-B9D722AD41EA}.Release|Any CPU.ActiveCfg = Release|Any CPU
		{778EEE7E-869A-4D59-8B5E-B9D722AD41EA}.Release|Any CPU.Build.0 = Release|Any CPU
		{778EEE7E-869A-4D59-8B5E-B9D722AD41EA}.Release|x64.ActiveCfg = Release|Any CPU
		{778EEE7E-869A-4D59-8B5E-B9D722AD41EA}.Release|x64.Build.0 = Release|Any CPU
		{778EEE7E-869A-4D59-8B5E-B9D722AD41EA}.Release|x86.ActiveCfg = Release|Any CPU
		{778EEE7E-869A-4D59-8B5E-B9D722AD41EA}.Release|x86.Build.0 = Release|Any CPU
		{6627279A-78A3-46D4-815C-A73831B4AA55}.Debug|Any CPU.ActiveCfg = Debug|Any CPU
		{6627279A-78A3-46D4-815C-A73831B4AA55}.Debug|Any CPU.Build.0 = Debug|Any CPU
		{6627279A-78A3-46D4-815C-A73831B4AA55}.Debug|x64.ActiveCfg = Debug|Any CPU
		{6627279A-78A3-46D4-815C-A73831B4AA55}.Debug|x64.Build.0 = Debug|Any CPU
		{6627279A-78A3-46D4-815C-A73831B4AA55}.Debug|x86.ActiveCfg = Debug|Any CPU
		{6627279A-78A3-46D4-815C-A73831B4AA55}.Debug|x86.Build.0 = Debug|Any CPU
		{6627279A-78A3-46D4-815C-A73831B4AA55}.Release|Any CPU.ActiveCfg = Release|Any CPU
		{6627279A-78A3-46D4-815C-A73831B4AA55}.Release|Any CPU.Build.0 = Release|Any CPU
		{6627279A-78A3-46D4-815C-A73831B4AA55}.Release|x64.ActiveCfg = Release|Any CPU
		{6627279A-78A3-46D4-815C-A73831B4AA55}.Release|x64.Build.0 = Release|Any CPU
		{6627279A-78A3-46D4-815C-A73831B4AA55}.Release|x86.ActiveCfg = Release|Any CPU
		{6627279A-78A3-46D4-815C-A73831B4AA55}.Release|x86.Build.0 = Release|Any CPU
	EndGlobalSection
	GlobalSection(NestedProjects) = preSolution
		{778EEE7E-869A-4D59-8B5E-B9D722AD41EA} = {3D78F662-2FFF-4076-8526-A334D4B5F222}
		{6627279A-78A3-46D4-815C-A73831B4AA55} = {3D78F662-2FFF-4076-8526-A334D4B5F222}
	EndGlobalSection
EndGlobal
